# This file is generated by running "yarn install" inside your project.
# Manual changes might be lost - proceed with caution!

__metadata:
  version: 6
  cacheKey: 8

"@formatjs/ecma402-abstract@npm:1.11.10":
  version: 1.11.10
  resolution: "@formatjs/ecma402-abstract@npm:1.11.10"
  dependencies:
    "@formatjs/intl-localematcher": 0.2.30
    tslib: 2.4.0
  checksum: 48139e195a3db2b982f4be3e9cbe6adff2eccde447710e37dffd80a3361aa83cf1a286f0735e0003120b62210da05542716d0647fb565f3cc23430ff77a13c65
  languageName: node
  linkType: hard

"@formatjs/icu-messageformat-parser@npm:2.1.6":
  version: 2.1.6
  resolution: "@formatjs/icu-messageformat-parser@npm:2.1.6"
  dependencies:
    "@formatjs/ecma402-abstract": 1.11.10
    "@formatjs/icu-skeleton-parser": 1.3.12
    tslib: 2.4.0
  checksum: 397ebe9b304f174f62746dc6f86605cbb938491aa6f67b4f339b6b13b1099dda152c02ad0371d9d539d242fd5e97755a63226b87eb4454f75688a7af575609e7
  languageName: node
  linkType: hard

"@formatjs/icu-skeleton-parser@npm:1.3.12":
  version: 1.3.12
  resolution: "@formatjs/icu-skeleton-parser@npm:1.3.12"
  dependencies:
    "@formatjs/ecma402-abstract": 1.11.10
    tslib: 2.4.0
  checksum: 93800d486c0f3708848eacd15f78eb2fb38f22cc1a590ed501111e37dfd015ce33ae1c046d1a1cc1bd9292729b5132b9ceb923b1c28b25081a2d39a5aa6e09b1
  languageName: node
  linkType: hard

"@formatjs/intl-localematcher@npm:0.2.30":
  version: 0.2.30
  resolution: "@formatjs/intl-localematcher@npm:0.2.30"
  dependencies:
    tslib: 2.4.0
  checksum: 911737ff600d934ff45bfe70224c8cac53865cbb78639bee3a229cdc878412f42c7920238b3224bdd723ea309a3e84617d2446da68083efa094484bf0c39bb1f
  languageName: node
  linkType: hard

"@formatjs/swc-plugin@npm:^1.4.9":
  version: 1.4.9
  resolution: "@formatjs/swc-plugin@npm:1.4.9"
  dependencies:
    "@formatjs/icu-messageformat-parser": 2.1.6
    "@formatjs/ts-transformer": 3.9.11
    "@swc/core": 1.2.241
    "@types/json-stable-stringify": ^1.0.32
    "@types/node": 14 || 16 || 17
    chalk: ^4.0.0
    json-stable-stringify: ^1.0.1
    tslib: 2.4.0
  peerDependencies:
    ts-jest: 27
  peerDependenciesMeta:
    ts-jest:
      optional: true
  checksum: fb8aabe8b3c8905497959e4c5b94f60a3c92d80e66229101561757b382c8a11514cb66621a7b50bfe4011c308e46c770a77339015a7a1b031a9dce3758d40405
  languageName: node
  linkType: hard

"@formatjs/ts-transformer@npm:3.9.11":
  version: 3.9.11
  resolution: "@formatjs/ts-transformer@npm:3.9.11"
  dependencies:
    "@formatjs/icu-messageformat-parser": 2.1.6
    "@types/json-stable-stringify": ^1.0.32
    "@types/node": 14 || 16 || 17
    chalk: ^4.0.0
    json-stable-stringify: ^1.0.1
    tslib: 2.4.0
    typescript: ^4.5
  peerDependencies:
    ts-jest: 27 || 28
  peerDependenciesMeta:
    ts-jest:
      optional: true
  checksum: 2c819c5d729bf9f60094e47756d767727a48ac3ec7430506da6de489a0e780e988b974d4d994cf223dd02000c18f017766952c09ed41c708b45aee3657e0bdfe
  languageName: node
  linkType: hard

"@swc/core-android-arm-eabi@npm:1.2.241":
  version: 1.2.241
  resolution: "@swc/core-android-arm-eabi@npm:1.2.241"
  dependencies:
    "@swc/wasm": 1.2.122
  conditions: os=android & cpu=arm
  languageName: node
  linkType: hard

"@swc/core-android-arm64@npm:1.2.241":
  version: 1.2.241
  resolution: "@swc/core-android-arm64@npm:1.2.241"
  dependencies:
    "@swc/wasm": 1.2.130
  conditions: os=android & cpu=arm64
  languageName: node
  linkType: hard

"@swc/core-darwin-arm64@npm:1.2.241":
  version: 1.2.241
  resolution: "@swc/core-darwin-arm64@npm:1.2.241"
  conditions: os=darwin & cpu=arm64
  languageName: node
  linkType: hard

"@swc/core-darwin-x64@npm:1.2.241":
  version: 1.2.241
  resolution: "@swc/core-darwin-x64@npm:1.2.241"
  conditions: os=darwin & cpu=x64
  languageName: node
  linkType: hard

"@swc/core-freebsd-x64@npm:1.2.241":
  version: 1.2.241
  resolution: "@swc/core-freebsd-x64@npm:1.2.241"
  dependencies:
    "@swc/wasm": 1.2.130
  conditions: os=freebsd & cpu=x64
  languageName: node
  linkType: hard

"@swc/core-linux-arm-gnueabihf@npm:1.2.241":
  version: 1.2.241
  resolution: "@swc/core-linux-arm-gnueabihf@npm:1.2.241"
  dependencies:
    "@swc/wasm": 1.2.130
  conditions: os=linux & cpu=arm
  languageName: node
  linkType: hard

"@swc/core-linux-arm64-gnu@npm:1.2.241":
  version: 1.2.241
  resolution: "@swc/core-linux-arm64-gnu@npm:1.2.241"
  conditions: os=linux & cpu=arm64 & libc=glibc
  languageName: node
  linkType: hard

"@swc/core-linux-arm64-musl@npm:1.2.241":
  version: 1.2.241
  resolution: "@swc/core-linux-arm64-musl@npm:1.2.241"
  conditions: os=linux & cpu=arm64 & libc=musl
  languageName: node
  linkType: hard

"@swc/core-linux-x64-gnu@npm:1.2.241":
  version: 1.2.241
  resolution: "@swc/core-linux-x64-gnu@npm:1.2.241"
  conditions: os=linux & cpu=x64 & libc=glibc
  languageName: node
  linkType: hard

"@swc/core-linux-x64-musl@npm:1.2.241":
  version: 1.2.241
  resolution: "@swc/core-linux-x64-musl@npm:1.2.241"
  conditions: os=linux & cpu=x64 & libc=musl
  languageName: node
  linkType: hard

"@swc/core-win32-arm64-msvc@npm:1.2.241":
  version: 1.2.241
  resolution: "@swc/core-win32-arm64-msvc@npm:1.2.241"
  dependencies:
    "@swc/wasm": 1.2.130
  conditions: os=win32 & cpu=arm64
  languageName: node
  linkType: hard

"@swc/core-win32-ia32-msvc@npm:1.2.241":
  version: 1.2.241
  resolution: "@swc/core-win32-ia32-msvc@npm:1.2.241"
  dependencies:
    "@swc/wasm": 1.2.130
  conditions: os=win32 & cpu=ia32
  languageName: node
  linkType: hard

"@swc/core-win32-x64-msvc@npm:1.2.241":
  version: 1.2.241
  resolution: "@swc/core-win32-x64-msvc@npm:1.2.241"
  conditions: os=win32 & cpu=x64
  languageName: node
  linkType: hard

"@swc/core@npm:1.2.241":
  version: 1.2.241
  resolution: "@swc/core@npm:1.2.241"
  dependencies:
    "@swc/core-android-arm-eabi": 1.2.241
    "@swc/core-android-arm64": 1.2.241
    "@swc/core-darwin-arm64": 1.2.241
    "@swc/core-darwin-x64": 1.2.241
    "@swc/core-freebsd-x64": 1.2.241
    "@swc/core-linux-arm-gnueabihf": 1.2.241
    "@swc/core-linux-arm64-gnu": 1.2.241
    "@swc/core-linux-arm64-musl": 1.2.241
    "@swc/core-linux-x64-gnu": 1.2.241
    "@swc/core-linux-x64-musl": 1.2.241
    "@swc/core-win32-arm64-msvc": 1.2.241
    "@swc/core-win32-ia32-msvc": 1.2.241
    "@swc/core-win32-x64-msvc": 1.2.241
  dependenciesMeta:
    "@swc/core-android-arm-eabi":
      optional: true
    "@swc/core-android-arm64":
      optional: true
    "@swc/core-darwin-arm64":
      optional: true
    "@swc/core-darwin-x64":
      optional: true
    "@swc/core-freebsd-x64":
      optional: true
    "@swc/core-linux-arm-gnueabihf":
      optional: true
    "@swc/core-linux-arm64-gnu":
      optional: true
    "@swc/core-linux-arm64-musl":
      optional: true
    "@swc/core-linux-x64-gnu":
      optional: true
    "@swc/core-linux-x64-musl":
      optional: true
    "@swc/core-win32-arm64-msvc":
      optional: true
    "@swc/core-win32-ia32-msvc":
      optional: true
    "@swc/core-win32-x64-msvc":
      optional: true
  bin:
    swcx: run_swcx.js
  checksum: 06c181bee327da23f89497d1c13d1c86e0f0aa3f3623350bda296ae00c3a0469ad39ff21a20f5cb133ba4c81e97e74b09a3bacb3dab6cc6c4a6f7f4ca8d53dc7
  languageName: node
  linkType: hard

"@swc/wasm@npm:1.2.122":
  version: 1.2.122
  resolution: "@swc/wasm@npm:1.2.122"
  checksum: 563345370c5ad18373d3b403590ab880fe52dcd8fc8c8601be263fcd9886520b28a7f4e46236cf49ca2b136c79d4ef50c960bc34b7cdc2068118b0d84dfca1f4
  languageName: node
  linkType: hard

"@swc/wasm@npm:1.2.130":
  version: 1.2.130
  resolution: "@swc/wasm@npm:1.2.130"
  checksum: 02203bfef3e382c64cbbd63c138c8fdf61865e74d923b317e9d9e9f33f5a3f0a9533b5fdbc9505e76d78e864be04a82fc847eb987a1e47ccac5850146c858292
  languageName: node
  linkType: hard

"@types/json-stable-stringify@npm:^1.0.32":
  version: 1.0.34
  resolution: "@types/json-stable-stringify@npm:1.0.34"
  checksum: 45767ecef0f6aae5680c3be6488d5c493f16046e34f182d7e6a2c69a667aab035799752c6f03017c883b134ad3f80e3f78d7e7da81a9c1f3d01676126baf5d0e
  languageName: node
  linkType: hard

"@types/node@npm:14 || 16 || 17":
  version: 17.0.45
  resolution: "@types/node@npm:17.0.45"
  checksum: aa04366b9103b7d6cfd6b2ef64182e0eaa7d4462c3f817618486ea0422984c51fc69fd0d436eae6c9e696ddfdbec9ccaa27a917f7c2e8c75c5d57827fe3d95e8
  languageName: node
  linkType: hard

"ansi-styles@npm:^4.1.0":
  version: 4.3.0
  resolution: "ansi-styles@npm:4.3.0"
  dependencies:
    color-convert: ^2.0.1
  checksum: 513b44c3b2105dd14cc42a19271e80f386466c4be574bccf60b627432f9198571ebf4ab1e4c3ba17347658f4ee1711c163d574248c0c1cdc2d5917a0ad582ec4
  languageName: node
  linkType: hard

"chalk@npm:^4.0.0":
  version: 4.1.2
  resolution: "chalk@npm:4.1.2"
  dependencies:
    ansi-styles: ^4.1.0
    supports-color: ^7.1.0
  checksum: fe75c9d5c76a7a98d45495b91b2172fa3b7a09e0cc9370e5c8feb1c567b85c4288e2b3fded7cfdd7359ac28d6b3844feb8b82b8686842e93d23c827c417e83fc
  languageName: node
  linkType: hard

"color-convert@npm:^2.0.1":
  version: 2.0.1
  resolution: "color-convert@npm:2.0.1"
  dependencies:
    color-name: ~1.1.4
  checksum: 79e6bdb9fd479a205c71d89574fccfb22bd9053bd98c6c4d870d65c132e5e904e6034978e55b43d69fcaa7433af2016ee203ce76eeba9cfa554b373e7f7db336
  languageName: node
  linkType: hard

"color-name@npm:~1.1.4":
  version: 1.1.4
  resolution: "color-name@npm:1.1.4"
  checksum: b0445859521eb4021cd0fb0cc1a75cecf67fceecae89b63f62b201cca8d345baf8b952c966862a9d9a2632987d4f6581f0ec8d957dfacece86f0a7919316f610
  languageName: node
  linkType: hard

"formatjs-swc-repro@workspace:.":
  version: 0.0.0-use.local
  resolution: "formatjs-swc-repro@workspace:."
  dependencies:
    "@formatjs/swc-plugin": ^1.4.9
    "@swc/core": 1.2.241
    typescript: ^4.8.2
  languageName: unknown
  linkType: soft

"has-flag@npm:^4.0.0":
  version: 4.0.0
  resolution: "has-flag@npm:4.0.0"
  checksum: 261a1357037ead75e338156b1f9452c016a37dcd3283a972a30d9e4a87441ba372c8b81f818cd0fbcd9c0354b4ae7e18b9e1afa1971164aef6d18c2b6095a8ad
  languageName: node
  linkType: hard

"json-stable-stringify@npm:^1.0.1":
  version: 1.0.1
  resolution: "json-stable-stringify@npm:1.0.1"
  dependencies:
    jsonify: ~0.0.0
  checksum: 65d6cbf0fca72a4136999f65f4401cf39a129f7aeff0fdd987ac3d3423a2113659294045fb8377e6e20d865cac32b1b8d70f3d87346c9786adcee60661d96ca5
  languageName: node
  linkType: hard

"jsonify@npm:~0.0.0":
  version: 0.0.0
  resolution: "jsonify@npm:0.0.0"
  checksum: d8d4ed476c116e6987a460dcb82f22284686caae9f498ac87b0502c1765ac1522f4f450a4cad4cc368d202fd3b27a3860735140a82867fc6d558f5f199c38bce
  languageName: node
  linkType: hard

"supports-color@npm:^7.1.0":
  version: 7.2.0
  resolution: "supports-color@npm:7.2.0"
  dependencies:
    has-flag: ^4.0.0
  checksum: 3dda818de06ebbe5b9653e07842d9479f3555ebc77e9a0280caf5a14fb877ffee9ed57007c3b78f5a6324b8dbeec648d9e97a24e2ed9fdb81ddc69ea07100f4a
  languageName: node
  linkType: hard

"tslib@npm:2.4.0":
  version: 2.4.0
  resolution: "tslib@npm:2.4.0"
  checksum: 8c4aa6a3c5a754bf76aefc38026134180c053b7bd2f81338cb5e5ebf96fefa0f417bff221592bf801077f5bf990562f6264fecbc42cd3309b33872cb6fc3b113
  languageName: node
  linkType: hard

"typescript@npm:^4.5, typescript@npm:^4.8.2":
  version: 4.8.2
  resolution: "typescript@npm:4.8.2"
  bin:
    tsc: bin/tsc
    tsserver: bin/tsserver
  checksum: 7f5b81d0d558c9067f952c7af52ab7f19c2e70a916817929e4a5b256c93990bf3178eccb1ac8a850bc75df35f6781b6f4cb3370ce20d8b1ded92ed462348f628
  languageName: node
  linkType: hard

"typescript@patch:typescript@^4.5#~builtin<compat/typescript>, typescript@patch:typescript@^4.8.2#~builtin<compat/typescript>":
  version: 4.8.2
  resolution: "typescript@patch:typescript@npm%3A4.8.2#~builtin<compat/typescript>::version=4.8.2&hash=a1c5e5"
  bin:
    tsc: bin/tsc
    tsserver: bin/tsserver
  checksum: 5cb0f02f414f5405f4b0e7ee1fd7fa9177b6a8783c9017b6cad85f56ce4c4f93e0e6f2ce37e863cb597d44227cd009474c9fbd85bf7a50004e5557426cb58079
  languageName: node
  linkType: hard
